// !$*UTF8*$!
{
	archiveVersion = 1;
	classes = {
	};
	objectVersion = 77;
	objects = {

/* Begin PBXContainerItemProxy section */
		258DC7072EDE9D7E002D1D46 /* PBXContainerItemProxy */ = {
			isa = PBXContainerItemProxy;
			containerPortal = 258DC6F12EDE9D7D002D1D46 /* Project object */;
			proxyType = 1;
			remoteGlobalIDString = 258DC6F82EDE9D7D002D1D46;
			remoteInfo = InterViewDemo;
		};
		258DC7112EDE9D7E002D1D46 /* PBXContainerItemProxy */ = {
			isa = PBXContainerItemProxy;
			containerPortal = 258DC6F12EDE9D7D002D1D46 /* Project object */;
			proxyType = 1;
			remoteGlobalIDString = 258DC6F82EDE9D7D002D1D46;
			remoteInfo = InterViewDemo;
		};
/* End PBXContainerItemProxy section */

/* Begin PBXFileReference section */
		258DC6F92EDE9D7D002D1D46 /* InterViewDemo.app */ = {isa = PBXFileReference; explicitFileType = wrapper.application; includeInIndex = 0; path = InterViewDemo.app; sourceTree = BUILT_PRODUCTS_DIR; };
		258DC7062EDE9D7E002D1D46 /* InterViewDemoTests.xctest */ = {isa = PBXFileReference; explicitFileType = wrapper.cfbundle; includeInIndex = 0; path = InterViewDemoTests.xctest; sourceTree = BUILT_PRODUCTS_DIR; };
		258DC7102EDE9D7E002D1D46 /* InterViewDemoUITests.xctest */ = {isa = PBXFileReference; explicitFileType = wrapper.cfbundle; includeInIndex = 0; path = InterViewDemoUITests.xctest; sourceTree = BUILT_PRODUCTS_DIR; };
/* End PBXFileReference section */

/* Begin PBXFileSystemSynchronizedRootGroup section */
		258DC6FB2EDE9D7D002D1D46 /* InterViewDemo */ = {
			isa = PBXFileSystemSynchronizedRootGroup;
			path = InterViewDemo;
			sourceTree = "<group>";
		};
		258DC7092EDE9D7E002D1D46 /* InterViewDemoTests */ = {
			isa = PBXFileSystemSynchronizedRootGroup;
			path = InterViewDemoTests;
			sourceTree = "<group>";
		};
		258DC7132EDE9D7E002D1D46 /* InterViewDemoUITests */ = {
			isa = PBXFileSystemSynchronizedRootGroup;
			path = InterViewDemoUITests;
			sourceTree = "<group>";
		};
/* End PBXFileSystemSynchronizedRootGroup section */

/* Begin PBXFrameworksBuildPhase section */
		258DC6F62EDE9D7D002D1D46 /* Frameworks */ = {
			isa = PBXFrameworksBuildPhase;
			buildActionMask = 2147483647;
			files = (
			);
			runOnlyForDeploymentPostprocessing = 0;
		};
		258DC7032EDE9D7E002D1D46 /* Frameworks */ = {
			isa = PBXFrameworksBuildPhase;
			buildActionMask = 2147483647;
			files = (
			);
			runOnlyForDeploymentPostprocessing = 0;
		};
		258DC70D2EDE9D7E002D1D46 /* Frameworks */ = {
			isa = PBXFrameworksBuildPhase;
			buildActionMask = 2147483647;
			files = (
			);
			runOnlyForDeploymentPostprocessing = 0;
		};
/* End PBXFrameworksBuildPhase section */

/* Begin PBXGroup section */
		258DC6F02EDE9D7D002D1D46 = {
			isa = PBXGroup;
			children = (
				258DC6FB2EDE9D7D002D1D46 /* InterViewDemo */,
				258DC7092EDE9D7E002D1D46 /* InterViewDemoTests */,
				258DC7132EDE9D7E002D1D46 /* InterViewDemoUITests */,
				258DC6FA2EDE9D7D002D1D46 /* Products */,
			);
			sourceTree = "<group>";
		};
		258DC6FA2EDE9D7D002D1D46 /* Products */ = {
			isa = PBXGroup;
			children = (
				258DC6F92EDE9D7D002D1D46 /* InterViewDemo.app */,
				258DC7062EDE9D7E002D1D46 /* InterViewDemoTests.xctest */,
				258DC7102EDE9D7E002D1D46 /* InterViewDemoUITests.xctest */,
			);
			name = Products;
			sourceTree = "<group>";
		};
/* End PBXGroup section */

/* Begin PBXNativeTarget section */
		258DC6F82EDE9D7D002D1D46 /* InterViewDemo */ = {
			isa = PBXNativeTarget;
			buildConfigurationList = 258DC71A2EDE9D7E002D1D46 /* Build configuration list for PBXNativeTarget "InterViewDemo" */;
			buildPhases = (
				258DC6F52EDE9D7D002D1D46 /* Sources */,
				258DC6F62EDE9D7D002D1D46 /* Frameworks */,
				258DC6F72EDE9D7D002D1D46 /* Resources */,
			);
			buildRules = (
			);
			dependencies = (
			);
			fileSystemSynchronizedGroups = (
				258DC6FB2EDE9D7D002D1D46 /* InterViewDemo */,
			);
			name = InterViewDemo;
			packageProductDependencies = (
			);
			productName = InterViewDemo;
			productReference = 258DC6F92EDE9D7D002D1D46 /* InterViewDemo.app */;
			productType = "com.apple.product-type.application";
		};
		258DC7052EDE9D7E002D1D46 /* InterViewDemoTests */ = {
			isa = PBXNativeTarget;
			buildConfigurationList = 258DC71D2EDE9D7E002D1D46 /* Build configuration list for PBXNativeTarget "InterViewDemoTests" */;
			buildPhases = (
				258DC7022EDE9D7E002D1D46 /* Sources */,
				258DC7032EDE9D7E002D1D46 /* Frameworks */,
				258DC7042EDE9D7E002D1D46 /* Resources */,
			);
			buildRules = (
			);
			dependencies = (
				258DC7082EDE9D7E002D1D46 /* PBXTargetDependency */,
			);
			fileSystemSynchronizedGroups = (
				258DC7092EDE9D7E002D1D46 /* InterViewDemoTests */,
			);
			name = InterViewDemoTests;
			packageProductDependencies = (
			);
			productName = InterViewDemoTests;
			productReference = 258DC7062EDE9D7E002D1D46 /* InterViewDemoTests.xctest */;
			productType = "com.apple.product-type.bundle.unit-test";
		};
		258DC70F2EDE9D7E002D1D46 /* InterViewDemoUITests */ = {
			isa = PBXNativeTarget;
			buildConfigurationList = 258DC7202EDE9D7E002D1D46 /* Build configuration list for PBXNativeTarget "InterViewDemoUITests" */;
			buildPhases = (
				258DC70C2EDE9D7E002D1D46 /* Sources */,
				258DC70D2EDE9D7E002D1D46 /* Frameworks */,
				258DC70E2EDE9D7E002D1D46 /* Resources */,
			);
			buildRules = (
			);
			dependencies = (
				258DC7122EDE9D7E002D1D46 /* PBXTargetDependency */,
			);
			fileSystemSynchronizedGroups = (
				258DC7132EDE9D7E002D1D46 /* InterViewDemoUITests */,
			);
			name = InterViewDemoUITests;
			packageProductDependencies = (
			);
			productName = InterViewDemoUITests;
			productReference = 258DC7102EDE9D7E002D1D46 /* InterViewDemoUITests.xctest */;
			productType = "com.apple.product-type.bundle.ui-testing";
		};
/* End PBXNativeTarget section */

/* Begin PBXProject section */
		258DC6F12EDE9D7D002D1D46 /* Project object */ = {
			isa = PBXProject;
			attributes = {
				BuildIndependentTargetsInParallel = 1;
				LastSwiftUpdateCheck = 2610;
				LastUpgradeCheck = 2610;
				TargetAttributes = {
					258DC6F82EDE9D7D002D1D46 = {
						CreatedOnToolsVersion = 26.1.1;
					};
					258DC7052EDE9D7E002D1D46 = {
						CreatedOnToolsVersion = 26.1.1;
						TestTargetID = 258DC6F82EDE9D7D002D1D46;
					};
					258DC70F2EDE9D7E002D1D46 = {
						CreatedOnToolsVersion = 26.1.1;
						TestTargetID = 258DC6F82EDE9D7D002D1D46;
					};
				};
			};
			buildConfigurationList = 258DC6F42EDE9D7D002D1D46 /* Build configuration list for PBXProject "InterViewDemo" */;
			developmentRegion = en;
			hasScannedForEncodings = 0;
			knownRegions = (
				en,
				Base,
			);
			mainGroup = 258DC6F02EDE9D7D002D1D46;
			minimizedProjectReferenceProxies = 1;
			preferredProjectObjectVersion = 77;
			productRefGroup = 258DC6FA2EDE9D7D002D1D46 /* Products */;
			projectDirPath = "";
			projectRoot = "";
			targets = (
				258DC6F82EDE9D7D002D1D46 /* InterViewDemo */,
				258DC7052EDE9D7E002D1D46 /* InterViewDemoTests */,
				258DC70F2EDE9D7E002D1D46 /* InterViewDemoUITests */,
			);
		};
/* End PBXProject section */

/* Begin PBXResourcesBuildPhase section */
		258DC6F72EDE9D7D002D1D46 /* Resources */ = {
			isa = PBXResourcesBuildPhase;
			buildActionMask = 2147483647;
			files = (
			);
			runOnlyForDeploymentPostprocessing = 0;
		};
		258DC7042EDE9D7E002D1D46 /* Resources */ = {
			isa = PBXResourcesBuildPhase;
			buildActionMask = 2147483647;
			files = (
			);
			runOnlyForDeploymentPostprocessing = 0;
		};
		258DC70E2EDE9D7E002D1D46 /* Resources */ = {
			isa = PBXResourcesBuildPhase;
			buildActionMask = 2147483647;
			files = (
			);
			runOnlyForDeploymentPostprocessing = 0;
		};
/* End PBXResourcesBuildPhase section */

/* Begin PBXSourcesBuildPhase section */
		258DC6F52EDE9D7D002D1D46 /* Sources */ = {
			isa = PBXSourcesBuildPhase;
			buildActionMask = 2147483647;
			files = (
			);
			runOnlyForDeploymentPostprocessing = 0;
		};
		258DC7022EDE9D7E002D1D46 /* Sources */ = {
			isa = PBXSourcesBuildPhase;
			buildActionMask = 2147483647;
			files = (
			);
			runOnlyForDeploymentPostprocessing = 0;
		};
		258DC70C2EDE9D7E002D1D46 /* Sources */ = {
			isa = PBXSourcesBuildPhase;
			buildActionMask = 2147483647;
			files = (
			);
			runOnlyForDeploymentPostprocessing = 0;
		};
/* End PBXSourcesBuildPhase section */

/* Begin PBXTargetDependency section */
		258DC7082EDE9D7E002D1D46 /* PBXTargetDependency */ = {
			isa = PBXTargetDependency;
			target = 258DC6F82EDE9D7D002D1D46 /* InterViewDemo */;
			targetProxy = 258DC7072EDE9D7E002D1D46 /* PBXContainerItemProxy */;
		};
		258DC7122EDE9D7E002D1D46 /* PBXTargetDependency */ = {
			isa = PBXTargetDependency;
			target = 258DC6F82EDE9D7D002D1D46 /* InterViewDemo */;
			targetProxy = 258DC7112EDE9D7E002D1D46 /* PBXContainerItemProxy */;
		};
/* End PBXTargetDependency section */

/* Begin XCBuildConfiguration section */
		258DC7182EDE9D7E002D1D46 /* Debug */ = {
			isa = XCBuildConfiguration;
			buildSettings = {
				ALWAYS_SEARCH_USER_PATHS = NO;
				ASSETCATALOG_COMPILER_GENERATE_SWIFT_ASSET_SYMBOL_EXTENSIONS = YES;
				CLANG_ANALYZER_NONNULL = YES;
				CLANG_ANALYZER_NUMBER_OBJECT_CONVERSION = YES_AGGRESSIVE;
				CLANG_CXX_LANGUAGE_STANDARD = "gnu++20";
				CLANG_ENABLE_MODULES = YES;
				CLANG_ENABLE_OBJC_ARC = YES;
				CLANG_ENABLE_OBJC_WEAK = YES;
				CLANG_WARN_BLOCK_CAPTURE_AUTORELEASING = YES;
				CLANG_WARN_BOOL_CONVERSION = YES;
				CLANG_WARN_COMMA = YES;
				CLANG_WARN_CONSTANT_CONVERSION = YES;
				CLANG_WARN_DEPRECATED_OBJC_IMPLEMENTATIONS = YES;
				CLANG_WARN_DIRECT_OBJC_ISA_USAGE = YES_ERROR;
				CLANG_WARN_DOCUMENTATION_COMMENTS = YES;
				CLANG_WARN_EMPTY_BODY = YES;
				CLANG_WARN_ENUM_CONVERSION = YES;
				CLANG_WARN_INFINITE_RECURSION = YES;
				CLANG_WARN_INT_CONVERSION = YES;
				CLANG_WARN_NON_LITERAL_NULL_CONVERSION = YES;
				CLANG_WARN_OBJC_IMPLICIT_RETAIN_SELF = YES;
				CLANG_WARN_OBJC_LITERAL_CONVERSION = YES;
				CLANG_WARN_OBJC_ROOT_CLASS = YES_ERROR;
				CLANG_WARN_QUOTED_INCLUDE_IN_FRAMEWORK_HEADER = YES;
				CLANG_WARN_RANGE_LOOP_ANALYSIS = YES;
				CLANG_WARN_STRICT_PROTOTYPES = YES;
				CLANG_WARN_SUSPICIOUS_MOVE = YES;
				CLANG_WARN_UNGUARDED_AVAILABILITY = YES_AGGRESSIVE;
				CLANG_WARN_UNREACHABLE_CODE = YES;
				CLANG_WARN__DUPLICATE_METHOD_MATCH = YES;
				COPY_PHASE_STRIP = NO;
				DEBUG_INFORMATION_FORMAT = dwarf;
				DEVELOPMENT_TEAM = RZZ472J6K5;
				ENABLE_STRICT_OBJC_MSGSEND = YES;
				ENABLE_TESTABILITY = YES;
				ENABLE_USER_SCRIPT_SANDBOXING = YES;
				GCC_C_LANGUAGE_STANDARD = gnu17;
				GCC_DYNAMIC_NO_PIC = NO;
				GCC_NO_COMMON_BLOCKS = YES;
				GCC_OPTIMIZATION_LEVEL = 0;
				GCC_PREPROCESSOR_DEFINITIONS = (
					"DEBUG=1",
					"$(inherited)",
				);
				GCC_WARN_64_TO_32_BIT_CONVERSION = YES;
				GCC_WARN_ABOUT_RETURN_TYPE = YES_ERROR;
				GCC_WARN_UNDECLARED_SELECTOR = YES;
				GCC_WARN_UNINITIALIZED_AUTOS = YES_AGGRESSIVE;
				GCC_WARN_UNUSED_FUNCTION = YES;
				GCC_WARN_UNUSED_VARIABLE = YES;
				IPHONEOS_DEPLOYMENT_TARGET = 26.1;
				LOCALIZATION_PREFERS_STRING_CATALOGS = YES;
				MTL_ENABLE_DEBUG_INFO = INCLUDE_SOURCE;
				MTL_FAST_MATH = YES;
				ONLY_ACTIVE_ARCH = YES;
				SDKROOT = iphoneos;
				SWIFT_ACTIVE_COMPILATION_CONDITIONS = "DEBUG $(inherited)";
				SWIFT_OPTIMIZATION_LEVEL = "-Onone";
			};
			name = Debug;
		};
		258DC7192EDE9D7E002D1D46 /* Release */ = {
			isa = XCBuildConfiguration;
			buildSettings = {
				ALWAYS_SEARCH_USER_PATHS = NO;
				ASSETCATALOG_COMPILER_GENERATE_SWIFT_ASSET_SYMBOL_EXTENSIONS = YES;
				CLANG_ANALYZER_NONNULL = YES;
				CLANG_ANALYZER_NUMBER_OBJECT_CONVERSION = YES_AGGRESSIVE;
				CLANG_CXX_LANGUAGE_STANDARD = "gnu++20";
				CLANG_ENABLE_MODULES = YES;
				CLANG_ENABLE_OBJC_ARC = YES;
				CLANG_ENABLE_OBJC_WEAK = YES;
				CLANG_WARN_BLOCK_CAPTURE_AUTORELEASING = YES;
				CLANG_WARN_BOOL_CONVERSION = YES;
				CLANG_WARN_COMMA = YES;
				CLANG_WARN_CONSTANT_CONVERSION = YES;
				CLANG_WARN_DEPRECATED_OBJC_IMPLEMENTATIONS = YES;
				CLANG_WARN_DIRECT_OBJC_ISA_USAGE = YES_ERROR;
				CLANG_WARN_DOCUMENTATION_COMMENTS = YES;
				CLANG_WARN_EMPTY_BODY = YES;
				CLANG_WARN_ENUM_CONVERSION = YES;
				CLANG_WARN_INFINITE_RECURSION = YES;
				CLANG_WARN_INT_CONVERSION = YES;
				CLANG_WARN_NON_LITERAL_NULL_CONVERSION = YES;
				CLANG_WARN_OBJC_IMPLICIT_RETAIN_SELF = YES;
				CLANG_WARN_OBJC_LITERAL_CONVERSION = YES;
				CLANG_WARN_OBJC_ROOT_CLASS = YES_ERROR;
				CLANG_WARN_QUOTED_INCLUDE_IN_FRAMEWORK_HEADER = YES;
				CLANG_WARN_RANGE_LOOP_ANALYSIS = YES;
				CLANG_WARN_STRICT_PROTOTYPES = YES;
				CLANG_WARN_SUSPICIOUS_MOVE = YES;
				CLANG_WARN_UNGUARDED_AVAILABILITY = YES_AGGRESSIVE;
				CLANG_WARN_UNREACHABLE_CODE = YES;
				CLANG_WARN__DUPLICATE_METHOD_MATCH = YES;
				COPY_PHASE_STRIP = NO;
				DEBUG_INFORMATION_FORMAT = "dwarf-with-dsym";
				DEVELOPMENT_TEAM = RZZ472J6K5;
				ENABLE_NS_ASSERTIONS = NO;
				ENABLE_STRICT_OBJC_MSGSEND = YES;
				ENABLE_USER_SCRIPT_SANDBOXING = YES;
				GCC_C_LANGUAGE_STANDARD = gnu17;
				GCC_NO_COMMON_BLOCKS = YES;
				GCC_WARN_64_TO_32_BIT_CONVERSION = YES;
				GCC_WARN_ABOUT_RETURN_TYPE = YES_ERROR;
				GCC_WARN_UNDECLARED_SELECTOR = YES;
				GCC_WARN_UNINITIALIZED_AUTOS = YES_AGGRESSIVE;
				GCC_WARN_UNUSED_FUNCTION = YES;
				GCC_WARN_UNUSED_VARIABLE = YES;
				IPHONEOS_DEPLOYMENT_TARGET = 26.1;
				LOCALIZATION_PREFERS_STRING_CATALOGS = YES;
				MTL_ENABLE_DEBUG_INFO = NO;
				MTL_FAST_MATH = YES;
				SDKROOT = iphoneos;
				SWIFT_COMPILATION_MODE = wholemodule;
				VALIDATE_PRODUCT = YES;
			};
			name = Release;
		};
		258DC71B2EDE9D7E002D1D46 /* Debug */ = {
			isa = XCBuildConfiguration;
			buildSettings = {
				ASSETCATALOG_COMPILER_APPICON_NAME = AppIcon;
				ASSETCATALOG_COMPILER_GLOBAL_ACCENT_COLOR_NAME = AccentColor;
				CODE_SIGN_STYLE = Automatic;
				CURRENT_PROJECT_VERSION = 1;
				DEVELOPMENT_TEAM = RZZ472J6K5;
				ENABLE_PREVIEWS = YES;
				GENERATE_INFOPLIST_FILE = YES;
				INFOPLIST_KEY_UIApplicationSceneManifest_Generation = YES;
				INFOPLIST_KEY_UIApplicationSupportsIndirectInputEvents = YES;
				INFOPLIST_KEY_UILaunchScreen_Generation = YES;
				INFOPLIST_KEY_UISupportedInterfaceOrientations_iPad = "UIInterfaceOrientationPortrait UIInterfaceOrientationPortraitUpsideDown UIInterfaceOrientationLandscapeLeft UIInterfaceOrientationLandscapeRight";
				INFOPLIST_KEY_UISupportedInterfaceOrientations_iPhone = "UIInterfaceOrientationPortrait UIInterfaceOrientationLandscapeLeft UIInterfaceOrientationLandscapeRight";
				LD_RUNPATH_SEARCH_PATHS = (
					"$(inherited)",
					"@executable_path/Frameworks",
				);
				MARKETING_VERSION = 1.0;
				PRODUCT_BUNDLE_IDENTIFIER = com.IbrahimMoGedami.InterViewDemo;
				PRODUCT_NAME = "$(TARGET_NAME)";
				STRING_CATALOG_GENERATE_SYMBOLS = YES;
				SWIFT_APPROACHABLE_CONCURRENCY = YES;
				SWIFT_DEFAULT_ACTOR_ISOLATION = MainActor;
				SWIFT_EMIT_LOC_STRINGS = YES;
				SWIFT_UPCOMING_FEATURE_MEMBER_IMPORT_VISIBILITY = YES;
				SWIFT_VERSION = 5.0;
				TARGETED_DEVICE_FAMILY = "1,2";
			};
			name = Debug;
		};
		258DC71C2EDE9D7E002D1D46 /* Release */ = {
			isa = XCBuildConfiguration;
			buildSettings = {
				ASSETCATALOG_COMPILER_APPICON_NAME = AppIcon;
				ASSETCATALOG_COMPILER_GLOBAL_ACCENT_COLOR_NAME = AccentColor;
				CODE_SIGN_STYLE = Automatic;
				CURRENT_PROJECT_VERSION = 1;
				DEVELOPMENT_TEAM = RZZ472J6K5;
				ENABLE_PREVIEWS = YES;
				GENERATE_INFOPLIST_FILE = YES;
				INFOPLIST_KEY_UIApplicationSceneManifest_Generation = YES;
				INFOPLIST_KEY_UIApplicationSupportsIndirectInputEvents = YES;
				INFOPLIST_KEY_UILaunchScreen_Generation = YES;
				INFOPLIST_KEY_UISupportedInterfaceOrientations_iPad = "UIInterfaceOrientationPortrait UIInterfaceOrientationPortraitUpsideDown UIInterfaceOrientationLandscapeLeft UIInterfaceOrientationLandscapeRight";
				INFOPLIST_KEY_UISupportedInterfaceOrientations_iPhone = "UIInterfaceOrientationPortrait UIInterfaceOrientationLandscapeLeft UIInterfaceOrientationLandscapeRight";
				LD_RUNPATH_SEARCH_PATHS = (
					"$(inherited)",
					"@executable_path/Frameworks",
				);
				MARKETING_VERSION = 1.0;
				PRODUCT_BUNDLE_IDENTIFIER = com.IbrahimMoGedami.InterViewDemo;
				PRODUCT_NAME = "$(TARGET_NAME)";
				STRING_CATALOG_GENERATE_SYMBOLS = YES;
				SWIFT_APPROACHABLE_CONCURRENCY = YES;
				SWIFT_DEFAULT_ACTOR_ISOLATION = MainActor;
				SWIFT_EMIT_LOC_STRINGS = YES;
				SWIFT_UPCOMING_FEATURE_MEMBER_IMPORT_VISIBILITY = YES;
				SWIFT_VERSION = 5.0;
				TARGETED_DEVICE_FAMILY = "1,2";
			};
			name = Release;
		};
		258DC71E2EDE9D7E002D1D46 /* Debug */ = {
			isa = XCBuildConfiguration;
			buildSettings = {
				BUNDLE_LOADER = "$(TEST_HOST)";
				CODE_SIGN_STYLE = Automatic;
				CURRENT_PROJECT_VERSION = 1;
				DEVELOPMENT_TEAM = RZZ472J6K5;
				GENERATE_INFOPLIST_FILE = YES;
				IPHONEOS_DEPLOYMENT_TARGET = 26.1;
				MARKETING_VERSION = 1.0;
				PRODUCT_BUNDLE_IDENTIFIER = com.IbrahimMoGedami.InterViewDemoTests;
				PRODUCT_NAME = "$(TARGET_NAME)";
				STRING_CATALOG_GENERATE_SYMBOLS = NO;
				SWIFT_APPROACHABLE_CONCURRENCY = YES;
				SWIFT_EMIT_LOC_STRINGS = NO;
				SWIFT_UPCOMING_FEATURE_MEMBER_IMPORT_VISIBILITY = YES;
				SWIFT_VERSION = 5.0;
				TARGETED_DEVICE_FAMILY = "1,2";
				TEST_HOST = "$(BUILT_PRODUCTS_DIR)/InterViewDemo.app/$(BUNDLE_EXECUTABLE_FOLDER_PATH)/InterViewDemo";
			};
			name = Debug;
		};
		258DC71F2EDE9D7E002D1D46 /* Release */ = {
			isa = XCBuildConfiguration;
			buildSettings = {
				BUNDLE_LOADER = "$(TEST_HOST)";
				CODE_SIGN_STYLE = Automatic;
				CURRENT_PROJECT_VERSION = 1;
				DEVELOPMENT_TEAM = RZZ472J6K5;
				GENERATE_INFOPLIST_FILE = YES;
				IPHONEOS_DEPLOYMENT_TARGET = 26.1;
				MARKETING_VERSION = 1.0;
				PRODUCT_BUNDLE_IDENTIFIER = com.IbrahimMoGedami.InterViewDemoTests;
				PRODUCT_NAME = "$(TARGET_NAME)";
				STRING_CATALOG_GENERATE_SYMBOLS = NO;
				SWIFT_APPROACHABLE_CONCURRENCY = YES;
				SWIFT_EMIT_LOC_STRINGS = NO;
				SWIFT_UPCOMING_FEATURE_MEMBER_IMPORT_VISIBILITY = YES;
				SWIFT_VERSION = 5.0;
				TARGETED_DEVICE_FAMILY = "1,2";
				TEST_HOST = "$(BUILT_PRODUCTS_DIR)/InterViewDemo.app/$(BUNDLE_EXECUTABLE_FOLDER_PATH)/InterViewDemo";
			};
			name = Release;
		};
		258DC7212EDE9D7E002D1D46 /* Debug */ = {
			isa = XCBuildConfiguration;
			buildSettings = {
				CODE_SIGN_STYLE = Automatic;
				CURRENT_PROJECT_VERSION = 1;
				DEVELOPMENT_TEAM = RZZ472J6K5;
				GENERATE_INFOPLIST_FILE = YES;
				MARKETING_VERSION = 1.0;
				PRODUCT_BUNDLE_IDENTIFIER = com.IbrahimMoGedami.InterViewDemoUITests;
				PRODUCT_NAME = "$(TARGET_NAME)";
				STRING_CATALOG_GENERATE_SYMBOLS = NO;
				SWIFT_APPROACHABLE_CONCURRENCY = YES;
				SWIFT_EMIT_LOC_STRINGS = NO;
				SWIFT_UPCOMING_FEATURE_MEMBER_IMPORT_VISIBILITY = YES;
				SWIFT_VERSION = 5.0;
				TARGETED_DEVICE_FAMILY = "1,2";
				TEST_TARGET_NAME = InterViewDemo;
			};
			name = Debug;
		};
		258DC7222EDE9D7E002D1D46 /* Release */ = {
			isa = XCBuildConfiguration;
			buildSettings = {
				CODE_SIGN_STYLE = Automatic;
				CURRENT_PROJECT_VERSION = 1;
				DEVELOPMENT_TEAM = RZZ472J6K5;
				GENERATE_INFOPLIST_FILE = YES;
				MARKETING_VERSION = 1.0;
				PRODUCT_BUNDLE_IDENTIFIER = com.IbrahimMoGedami.InterViewDemoUITests;
				PRODUCT_NAME = "$(TARGET_NAME)";
				STRING_CATALOG_GENERATE_SYMBOLS = NO;
				SWIFT_APPROACHABLE_CONCURRENCY = YES;
				SWIFT_EMIT_LOC_STRINGS = NO;
				SWIFT_UPCOMING_FEATURE_MEMBER_IMPORT_VISIBILITY = YES;
				SWIFT_VERSION = 5.0;
				TARGETED_DEVICE_FAMILY = "1,2";
				TEST_TARGET_NAME = InterViewDemo;
			};
			name = Release;
		};
/* End XCBuildConfiguration section */

/* Begin XCConfigurationList section */
		258DC6F42EDE9D7D002D1D46 /* Build configuration list for PBXProject "InterViewDemo" */ = {
			isa = XCConfigurationList;
			buildConfigurations = (
				258DC7182EDE9D7E002D1D46 /* Debug */,
				258DC7192EDE9D7E002D1D46 /* Release */,
			);
			defaultConfigurationIsVisible = 0;
			defaultConfigurationName = Release;
		};
		258DC71A2EDE9D7E002D1D46 /* Build configuration list for PBXNativeTarget "InterViewDemo" */ = {
			isa = XCConfigurationList;
			buildConfigurations = (
				258DC71B2EDE9D7E002D1D46 /* Debug */,
				258DC71C2EDE9D7E002D1D46 /* Release */,
			);
			defaultConfigurationIsVisible = 0;
			defaultConfigurationName = Release;
		};
		258DC71D2EDE9D7E002D1D46 /* Build configuration list for PBXNativeTarget "InterViewDemoTests" */ = {
			isa = XCConfigurationList;
			buildConfigurations = (
				258DC71E2EDE9D7E002D1D46 /* Debug */,
				258DC71F2EDE9D7E002D1D46 /* Release */,
			);
			defaultConfigurationIsVisible = 0;
			defaultConfigurationName = Release;
		};
		258DC7202EDE9D7E002D1D46 /* Build configuration list for PBXNativeTarget "InterViewDemoUITests" */ = {
			isa = XCConfigurationList;
			buildConfigurations = (
				258DC7212EDE9D7E002D1D46 /* Debug */,
				258DC7222EDE9D7E002D1D46 /* Release */,
			);
			defaultConfigurationIsVisible = 0;
			defaultConfigurationName = Release;
		};
/* End XCConfigurationList section */
	};
	rootObject = 258DC6F12EDE9D7D002D1D46 /* Project object */;
}
